
Microsoft Visual Studio Solution File, Format Version 12.00
# Visual Studio 2013
VisualStudioVersion = 12.0.40418.0
MinimumVisualStudioVersion = 10.0.40219.1
Project("{FAE04EC0-301F-11D3-BF4B-00C04F79EFBC}") = "Gevcorst.Domain", "Gevcorst.Domain\Gevcorst.Domain.csproj", "{9A535622-8DCA-4C79-AAD0-3675C8CB0A35}"
EndProject
Project("{FAE04EC0-301F-11D3-BF4B-00C04F79EFBC}") = "Gevcorst.WebU1", "Gevcorst.WebU1\Gevcorst.WebU1.csproj", "{6AACB7FD-0776-4AD8-A17C-4FE7B24EEFF0}"
EndProject
Project("{FAE04EC0-301F-11D3-BF4B-00C04F79EFBC}") = "Gevcorst.UnitTest", "Gevcorst.UnitTest\Gevcorst.UnitTest.csproj", "{FD010D74-2B89-4121-BFDA-591D09A4AAED}"
	ProjectSection(ProjectDependencies) = postProject
		{9A535622-8DCA-4C79-AAD0-3675C8CB0A35} = {9A535622-8DCA-4C79-AAD0-3675C8CB0A35}
		{6AACB7FD-0776-4AD8-A17C-4FE7B24EEFF0} = {6AACB7FD-0776-4AD8-A17C-4FE7B24EEFF0}
	EndProjectSection
EndProject
Global
	GlobalSection(SolutionConfigurationPlatforms) = preSolution
		Debug|Any CPU = Debug|Any CPU
		Release|Any CPU = Release|Any CPU
	EndGlobalSection
	GlobalSection(ProjectConfigurationPlatforms) = postSolution
		{9A535622-8DCA-4C79-AAD0-3675C8CB0A35}.Debug|Any CPU.ActiveCfg = Debug|Any CPU
		{9A535622-8DCA-4C79-AAD0-3675C8CB0A35}.Debug|Any CPU.Build.0 = Debug|Any CPU
		{9A535622-8DCA-4C79-AAD0-3675C8CB0A35}.Release|Any CPU.ActiveCfg = Release|Any CPU
		{9A535622-8DCA-4C79-AAD0-3675C8CB0A35}.Release|Any CPU.Build.0 = Release|Any CPU
		{6AACB7FD-0776-4AD8-A17C-4FE7B24EEFF0}.Debug|Any CPU.ActiveCfg = Debug|Any CPU
		{6AACB7FD-0776-4AD8-A17C-4FE7B24EEFF0}.Debug|Any CPU.Build.0 = Debug|Any CPU
		{6AACB7FD-0776-4AD8-A17C-4FE7B24EEFF0}.Release|Any CPU.ActiveCfg = Release|Any CPU
		{6AACB7FD-0776-4AD8-A17C-4FE7B24EEFF0}.Release|Any CPU.Build.0 = Release|Any CPU
		{FD010D74-2B89-4121-BFDA-591D09A4AAED}.Debug|Any CPU.ActiveCfg = Debug|Any CPU
		{FD010D74-2B89-4121-BFDA-591D09A4AAED}.Debug|Any CPU.Build.0 = Debug|Any CPU
		{FD010D74-2B89-4121-BFDA-591D09A4AAED}.Release|Any CPU.ActiveCfg = Release|Any CPU
		{FD010D74-2B89-4121-BFDA-591D09A4AAED}.Release|Any CPU.Build.0 = Release|Any CPU
	EndGlobalSection
	GlobalSection(SolutionProperties) = preSolution
		HideSolutionNode = FALSE
	EndGlobalSection
EndGlobal
